
Microsoft Visual Studio Solution File, Format Version 12.00
# Visual Studio Version 17
VisualStudioVersion = 17.10.35027.167
MinimumVisualStudioVersion = 10.0.40219.1
Project("{FAE04EC0-301F-11D3-BF4B-00C04F79EFBC}") = "LeetCodeTests", "LeetCodeTests\LeetCodeTests.csproj", "{43BBEF5E-A13B-45D9-9F23-FA7EACBD65E8}"
EndProject
Project("{FAE04EC0-301F-11D3-BF4B-00C04F79EFBC}") = "LeetCode", "LeetCode\LeetCode.csproj", "{FE0098C9-F439-4B0C-B308-94B70F7C611C}"
EndProject
Global
	GlobalSection(SolutionConfigurationPlatforms) = preSolution
		Debug|Any CPU = Debug|Any CPU
		Release|Any CPU = Release|Any CPU
	EndGlobalSection
	GlobalSection(ProjectConfigurationPlatforms) = postSolution
		{43BBEF5E-A13B-45D9-9F23-FA7EACBD65E8}.Debug|Any CPU.ActiveCfg = Debug|Any CPU
		{43BBEF5E-A13B-45D9-9F23-FA7EACBD65E8}.Debug|Any CPU.Build.0 = Debug|Any CPU
		{43BBEF5E-A13B-45D9-9F23-FA7EACBD65E8}.Release|Any CPU.ActiveCfg = Release|Any CPU
		{43BBEF5E-A13B-45D9-9F23-FA7EACBD65E8}.Release|Any CPU.Build.0 = Release|Any CPU
		{FE0098C9-F439-4B0C-B308-94B70F7C611C}.Debug|Any CPU.ActiveCfg = Debug|Any CPU
		{FE0098C9-F439-4B0C-B308-94B70F7C611C}.Debug|Any CPU.Build.0 = Debug|Any CPU
		{FE0098C9-F439-4B0C-B308-94B70F7C611C}.Release|Any CPU.ActiveCfg = Release|Any CPU
		{FE0098C9-F439-4B0C-B308-94B70F7C611C}.Release|Any CPU.Build.0 = Release|Any CPU
	EndGlobalSection
	GlobalSection(SolutionProperties) = preSolution
		HideSolutionNode = FALSE
	EndGlobalSection
	GlobalSection(ExtensibilityGlobals) = postSolution
		SolutionGuid = {250BE70D-75EB-457D-8F52-D3C03D39B253}
	EndGlobalSection
EndGlobal
